// !$*UTF8*$!
{
	archiveVersion = 1;
	classes = {
	};
	objectVersion = 56;
	objects = {

/* Begin PBXBuildFile section */
		0A1897FD2C7A2DC80033DD43 /* Main.storyboard in Resources */ = {isa = PBXBuildFile; fileRef = 0A1897FC2C7A2DC80033DD43 /* Main.storyboard */; };
		0A1897FF2C7A2DCD0033DD43 /* LaunchScreen.storyboard in Resources */ = {isa = PBXBuildFile; fileRef = 0A1897FE2C7A2DCD0033DD43 /* LaunchScreen.storyboard */; };
		0A2D78BB2C11CE3F00C54A42 /* Constants.swift in Sources */ = {isa = PBXBuildFile; fileRef = 0A2D78BA2C11CE3F00C54A42 /* Constants.swift */; };
		0A33C5B52C0C97BE0060E0FD /* AppDelegate.swift in Sources */ = {isa = PBXBuildFile; fileRef = 0A33C5B42C0C97BE0060E0FD /* AppDelegate.swift */; };
		0A33C5B72C0C97BE0060E0FD /* SceneDelegate.swift in Sources */ = {isa = PBXBuildFile; fileRef = 0A33C5B62C0C97BE0060E0FD /* SceneDelegate.swift */; };
		0A33C5BE2C0C97C00060E0FD /* Assets.xcassets in Resources */ = {isa = PBXBuildFile; fileRef = 0A33C5BD2C0C97C00060E0FD /* Assets.xcassets */; };
		0A33C5CD2C0C9A950060E0FD /* TaskListController.swift in Sources */ = {isa = PBXBuildFile; fileRef = 0A33C5CC2C0C9A950060E0FD /* TaskListController.swift */; };
		0A33C5CF2C0C9F0C0060E0FD /* Task.swift in Sources */ = {isa = PBXBuildFile; fileRef = 0A33C5CE2C0C9F0C0060E0FD /* Task.swift */; };
		0A33C5D12C0CA2B70060E0FD /* TasksStorage.swift in Sources */ = {isa = PBXBuildFile; fileRef = 0A33C5D02C0CA2B70060E0FD /* TasksStorage.swift */; };
		0A33C5D42C0DD33F0060E0FD /* TaskCell.swift in Sources */ = {isa = PBXBuildFile; fileRef = 0A33C5D32C0DD33F0060E0FD /* TaskCell.swift */; };
		0A33C5D62C0F2B2E0060E0FD /* TaskEditController.swift in Sources */ = {isa = PBXBuildFile; fileRef = 0A33C5D52C0F2B2E0060E0FD /* TaskEditController.swift */; };
		0A33C5D92C0F36E00060E0FD /* TaskTypeController.swift in Sources */ = {isa = PBXBuildFile; fileRef = 0A33C5D82C0F36E00060E0FD /* TaskTypeController.swift */; };
		0A33C5DC2C0F421E0060E0FD /* TaskTypeCell.xib in Resources */ = {isa = PBXBuildFile; fileRef = 0A33C5DB2C0F421E0060E0FD /* TaskTypeCell.xib */; };
		0A33C5DD2C0F421E0060E0FD /* TaskTypeCell.swift in Sources */ = {isa = PBXBuildFile; fileRef = 0A33C5DA2C0F421E0060E0FD /* TaskTypeCell.swift */; };
/* End PBXBuildFile section */

/* Begin PBXFileReference section */
		0A17E9332C6550E40053222B /* README.md */ = {isa = PBXFileReference; lastKnownFileType = net.daringfireball.markdown; path = README.md; sourceTree = "<group>"; };
		0A1897FC2C7A2DC80033DD43 /* Main.storyboard */ = {isa = PBXFileReference; lastKnownFileType = file.storyboard; path = Main.storyboard; sourceTree = "<group>"; };
		0A1897FE2C7A2DCD0033DD43 /* LaunchScreen.storyboard */ = {isa = PBXFileReference; lastKnownFileType = file.storyboard; path = LaunchScreen.storyboard; sourceTree = "<group>"; };
		0A2D78BA2C11CE3F00C54A42 /* Constants.swift */ = {isa = PBXFileReference; lastKnownFileType = sourcecode.swift; path = Constants.swift; sourceTree = "<group>"; };
		0A33C5B12C0C97BE0060E0FD /* To-Do Manager.app */ = {isa = PBXFileReference; explicitFileType = wrapper.application; includeInIndex = 0; path = "To-Do Manager.app"; sourceTree = BUILT_PRODUCTS_DIR; };
		0A33C5B42C0C97BE0060E0FD /* AppDelegate.swift */ = {isa = PBXFileReference; lastKnownFileType = sourcecode.swift; path = AppDelegate.swift; sourceTree = "<group>"; };
		0A33C5B62C0C97BE0060E0FD /* SceneDelegate.swift */ = {isa = PBXFileReference; lastKnownFileType = sourcecode.swift; path = SceneDelegate.swift; sourceTree = "<group>"; };
		0A33C5BD2C0C97C00060E0FD /* Assets.xcassets */ = {isa = PBXFileReference; lastKnownFileType = folder.assetcatalog; path = Assets.xcassets; sourceTree = "<group>"; };
		0A33C5C22C0C97C00060E0FD /* Info.plist */ = {isa = PBXFileReference; lastKnownFileType = text.plist.xml; path = Info.plist; sourceTree = "<group>"; };
		0A33C5CC2C0C9A950060E0FD /* TaskListController.swift */ = {isa = PBXFileReference; lastKnownFileType = sourcecode.swift; path = TaskListController.swift; sourceTree = "<group>"; };
		0A33C5CE2C0C9F0C0060E0FD /* Task.swift */ = {isa = PBXFileReference; lastKnownFileType = sourcecode.swift; path = Task.swift; sourceTree = "<group>"; };
		0A33C5D02C0CA2B70060E0FD /* TasksStorage.swift */ = {isa = PBXFileReference; lastKnownFileType = sourcecode.swift; path = TasksStorage.swift; sourceTree = "<group>"; };
		0A33C5D32C0DD33F0060E0FD /* TaskCell.swift */ = {isa = PBXFileReference; lastKnownFileType = sourcecode.swift; path = TaskCell.swift; sourceTree = "<group>"; };
		0A33C5D52C0F2B2E0060E0FD /* TaskEditController.swift */ = {isa = PBXFileReference; lastKnownFileType = sourcecode.swift; path = TaskEditController.swift; sourceTree = "<group>"; };
		0A33C5D82C0F36E00060E0FD /* TaskTypeController.swift */ = {isa = PBXFileReference; lastKnownFileType = sourcecode.swift; path = TaskTypeController.swift; sourceTree = "<group>"; };
		0A33C5DA2C0F421E0060E0FD /* TaskTypeCell.swift */ = {isa = PBXFileReference; lastKnownFileType = sourcecode.swift; path = TaskTypeCell.swift; sourceTree = "<group>"; };
		0A33C5DB2C0F421E0060E0FD /* TaskTypeCell.xib */ = {isa = PBXFileReference; lastKnownFileType = file.xib; path = TaskTypeCell.xib; sourceTree = "<group>"; };
/* End PBXFileReference section */

/* Begin PBXFrameworksBuildPhase section */
		0A33C5AE2C0C97BE0060E0FD /* Frameworks */ = {
			isa = PBXFrameworksBuildPhase;
			buildActionMask = 2147483647;
			files = (
			);
			runOnlyForDeploymentPostprocessing = 0;
		};
/* End PBXFrameworksBuildPhase section */

/* Begin PBXGroup section */
		0A33C5A82C0C97BE0060E0FD = {
			isa = PBXGroup;
			children = (
				0A17E9332C6550E40053222B /* README.md */,
				0A33C5B32C0C97BE0060E0FD /* To-Do Manager */,
				0A33C5CB2C0C97DE0060E0FD /* View */,
				0A33C5CA2C0C97DB0060E0FD /* Model */,
				0A33C5C92C0C97D80060E0FD /* Controller */,
				0A33C5C82C0C97D50060E0FD /* Resources */,
				0A33C5B22C0C97BE0060E0FD /* Products */,
			);
			sourceTree = "<group>";
		};
		0A33C5B22C0C97BE0060E0FD /* Products */ = {
			isa = PBXGroup;
			children = (
				0A33C5B12C0C97BE0060E0FD /* To-Do Manager.app */,
			);
			name = Products;
			sourceTree = "<group>";
		};
		0A33C5B32C0C97BE0060E0FD /* To-Do Manager */ = {
			isa = PBXGroup;
			children = (
				0A33C5B42C0C97BE0060E0FD /* AppDelegate.swift */,
				0A33C5B62C0C97BE0060E0FD /* SceneDelegate.swift */,
				0A33C5C22C0C97C00060E0FD /* Info.plist */,
			);
			path = "To-Do Manager";
			sourceTree = "<group>";
		};
		0A33C5C82C0C97D50060E0FD /* Resources */ = {
			isa = PBXGroup;
			children = (
				0A33C5BD2C0C97C00060E0FD /* Assets.xcassets */,
				0A2D78BA2C11CE3F00C54A42 /* Constants.swift */,
			);
			path = Resources;
			sourceTree = "<group>";
		};
		0A33C5C92C0C97D80060E0FD /* Controller */ = {
			isa = PBXGroup;
			children = (
				0A33C5CC2C0C9A950060E0FD /* TaskListController.swift */,
				0A33C5D52C0F2B2E0060E0FD /* TaskEditController.swift */,
				0A33C5D82C0F36E00060E0FD /* TaskTypeController.swift */,
			);
			path = Controller;
			sourceTree = "<group>";
		};
		0A33C5CA2C0C97DB0060E0FD /* Model */ = {
			isa = PBXGroup;
			children = (
				0A33C5CE2C0C9F0C0060E0FD /* Task.swift */,
				0A33C5D02C0CA2B70060E0FD /* TasksStorage.swift */,
			);
			path = Model;
			sourceTree = "<group>";
		};
		0A33C5CB2C0C97DE0060E0FD /* View */ = {
			isa = PBXGroup;
			children = (
				0A33C5D22C0DD2DF0060E0FD /* Cells */,
				0A1897FC2C7A2DC80033DD43 /* Main.storyboard */,
				0A1897FE2C7A2DCD0033DD43 /* LaunchScreen.storyboard */,
			);
			path = View;
			sourceTree = "<group>";
		};
		0A33C5D22C0DD2DF0060E0FD /* Cells */ = {
			isa = PBXGroup;
			children = (
				0A33C5D32C0DD33F0060E0FD /* TaskCell.swift */,
				0A33C5DA2C0F421E0060E0FD /* TaskTypeCell.swift */,
				0A33C5DB2C0F421E0060E0FD /* TaskTypeCell.xib */,
			);
			path = Cells;
			sourceTree = "<group>";
		};
/* End PBXGroup section */

/* Begin PBXNativeTarget section */
		0A33C5B02C0C97BE0060E0FD /* To-Do Manager */ = {
			isa = PBXNativeTarget;
			buildConfigurationList = 0A33C5C52C0C97C00060E0FD /* Build configuration list for PBXNativeTarget "To-Do Manager" */;
			buildPhases = (
				0A33C5AD2C0C97BE0060E0FD /* Sources */,
				0A33C5AE2C0C97BE0060E0FD /* Frameworks */,
				0A33C5AF2C0C97BE0060E0FD /* Resources */,
			);
			buildRules = (
			);
			dependencies = (
			);
			name = "To-Do Manager";
			productName = "To-Do Manager";
			productReference = 0A33C5B12C0C97BE0060E0FD /* To-Do Manager.app */;
			productType = "com.apple.product-type.application";
		};
/* End PBXNativeTarget section */

/* Begin PBXProject section */
		0A33C5A92C0C97BE0060E0FD /* Project object */ = {
			isa = PBXProject;
			attributes = {
				BuildIndependentTargetsInParallel = 1;
				LastSwiftUpdateCheck = 1540;
				LastUpgradeCheck = 1540;
				TargetAttributes = {
					0A33C5B02C0C97BE0060E0FD = {
						CreatedOnToolsVersion = 15.4;
					};
				};
			};
			buildConfigurationList = 0A33C5AC2C0C97BE0060E0FD /* Build configuration list for PBXProject "To-Do Manager" */;
			compatibilityVersion = "Xcode 14.0";
			developmentRegion = en;
			hasScannedForEncodings = 0;
			knownRegions = (
				en,
				Base,
			);
			mainGroup = 0A33C5A82C0C97BE0060E0FD;
			productRefGroup = 0A33C5B22C0C97BE0060E0FD /* Products */;
			projectDirPath = "";
			projectRoot = "";
			targets = (
				0A33C5B02C0C97BE0060E0FD /* To-Do Manager */,
			);
		};
/* End PBXProject section */

/* Begin PBXResourcesBuildPhase section */
		0A33C5AF2C0C97BE0060E0FD /* Resources */ = {
			isa = PBXResourcesBuildPhase;
			buildActionMask = 2147483647;
			files = (
				0A1897FD2C7A2DC80033DD43 /* Main.storyboard in Resources */,
				0A1897FF2C7A2DCD0033DD43 /* LaunchScreen.storyboard in Resources */,
				0A33C5BE2C0C97C00060E0FD /* Assets.xcassets in Resources */,
				0A33C5DC2C0F421E0060E0FD /* TaskTypeCell.xib in Resources */,
			);
			runOnlyForDeploymentPostprocessing = 0;
		};
/* End PBXResourcesBuildPhase section */

/* Begin PBXSourcesBuildPhase section */
		0A33C5AD2C0C97BE0060E0FD /* Sources */ = {
			isa = PBXSourcesBuildPhase;
			buildActionMask = 2147483647;
			files = (
				0A33C5CF2C0C9F0C0060E0FD /* Task.swift in Sources */,
				0A33C5B52C0C97BE0060E0FD /* AppDelegate.swift in Sources */,
				0A33C5D12C0CA2B70060E0FD /* TasksStorage.swift in Sources */,
				0A33C5CD2C0C9A950060E0FD /* TaskListController.swift in Sources */,
				0A33C5D92C0F36E00060E0FD /* TaskTypeController.swift in Sources */,
				0A2D78BB2C11CE3F00C54A42 /* Constants.swift in Sources */,
				0A33C5D42C0DD33F0060E0FD /* TaskCell.swift in Sources */,
				0A33C5B72C0C97BE0060E0FD /* SceneDelegate.swift in Sources */,
				0A33C5D62C0F2B2E0060E0FD /* TaskEditController.swift in Sources */,
				0A33C5DD2C0F421E0060E0FD /* TaskTypeCell.swift in Sources */,
			);
			runOnlyForDeploymentPostprocessing = 0;
		};
/* End PBXSourcesBuildPhase section */

/* Begin XCBuildConfiguration section */
		0A33C5C32C0C97C00060E0FD /* Debug */ = {
			isa = XCBuildConfiguration;
			buildSettings = {
				ALWAYS_SEARCH_USER_PATHS = NO;
				ASSETCATALOG_COMPILER_GENERATE_SWIFT_ASSET_SYMBOL_EXTENSIONS = YES;
				CLANG_ANALYZER_NONNULL = YES;
				CLANG_ANALYZER_NUMBER_OBJECT_CONVERSION = YES_AGGRESSIVE;
				CLANG_CXX_LANGUAGE_STANDARD = "gnu++20";
				CLANG_ENABLE_MODULES = YES;
				CLANG_ENABLE_OBJC_ARC = YES;
				CLANG_ENABLE_OBJC_WEAK = YES;
				CLANG_WARN_BLOCK_CAPTURE_AUTORELEASING = YES;
				CLANG_WARN_BOOL_CONVERSION = YES;
				CLANG_WARN_COMMA = YES;
				CLANG_WARN_CONSTANT_CONVERSION = YES;
				CLANG_WARN_DEPRECATED_OBJC_IMPLEMENTATIONS = YES;
				CLANG_WARN_DIRECT_OBJC_ISA_USAGE = YES_ERROR;
				CLANG_WARN_DOCUMENTATION_COMMENTS = YES;
				CLANG_WARN_EMPTY_BODY = YES;
				CLANG_WARN_ENUM_CONVERSION = YES;
				CLANG_WARN_INFINITE_RECURSION = YES;
				CLANG_WARN_INT_CONVERSION = YES;
				CLANG_WARN_NON_LITERAL_NULL_CONVERSION = YES;
				CLANG_WARN_OBJC_IMPLICIT_RETAIN_SELF = YES;
				CLANG_WARN_OBJC_LITERAL_CONVERSION = YES;
				CLANG_WARN_OBJC_ROOT_CLASS = YES_ERROR;
				CLANG_WARN_QUOTED_INCLUDE_IN_FRAMEWORK_HEADER = YES;
				CLANG_WARN_RANGE_LOOP_ANALYSIS = YES;
				CLANG_WARN_STRICT_PROTOTYPES = YES;
				CLANG_WARN_SUSPICIOUS_MOVE = YES;
				CLANG_WARN_UNGUARDED_AVAILABILITY = YES_AGGRESSIVE;
				CLANG_WARN_UNREACHABLE_CODE = YES;
				CLANG_WARN__DUPLICATE_METHOD_MATCH = YES;
				COPY_PHASE_STRIP = NO;
				DEBUG_INFORMATION_FORMAT = dwarf;
				ENABLE_STRICT_OBJC_MSGSEND = YES;
				ENABLE_TESTABILITY = YES;
				ENABLE_USER_SCRIPT_SANDBOXING = YES;
				GCC_C_LANGUAGE_STANDARD = gnu17;
				GCC_DYNAMIC_NO_PIC = NO;
				GCC_NO_COMMON_BLOCKS = YES;
				GCC_OPTIMIZATION_LEVEL = 0;
				GCC_PREPROCESSOR_DEFINITIONS = (
					"DEBUG=1",
					"$(inherited)",
				);
				GCC_WARN_64_TO_32_BIT_CONVERSION = YES;
				GCC_WARN_ABOUT_RETURN_TYPE = YES_ERROR;
				GCC_WARN_UNDECLARED_SELECTOR = YES;
				GCC_WARN_UNINITIALIZED_AUTOS = YES_AGGRESSIVE;
				GCC_WARN_UNUSED_FUNCTION = YES;
				GCC_WARN_UNUSED_VARIABLE = YES;
				IPHONEOS_DEPLOYMENT_TARGET = 17.5;
				LOCALIZATION_PREFERS_STRING_CATALOGS = YES;
				MTL_ENABLE_DEBUG_INFO = INCLUDE_SOURCE;
				MTL_FAST_MATH = YES;
				ONLY_ACTIVE_ARCH = YES;
				SDKROOT = iphoneos;
				SWIFT_ACTIVE_COMPILATION_CONDITIONS = "DEBUG $(inherited)";
				SWIFT_OPTIMIZATION_LEVEL = "-Onone";
			};
			name = Debug;
		};
		0A33C5C42C0C97C00060E0FD /* Release */ = {
			isa = XCBuildConfiguration;
			buildSettings = {
				ALWAYS_SEARCH_USER_PATHS = NO;
				ASSETCATALOG_COMPILER_GENERATE_SWIFT_ASSET_SYMBOL_EXTENSIONS = YES;
				CLANG_ANALYZER_NONNULL = YES;
				CLANG_ANALYZER_NUMBER_OBJECT_CONVERSION = YES_AGGRESSIVE;
				CLANG_CXX_LANGUAGE_STANDARD = "gnu++20";
				CLANG_ENABLE_MODULES = YES;
				CLANG_ENABLE_OBJC_ARC = YES;
				CLANG_ENABLE_OBJC_WEAK = YES;
				CLANG_WARN_BLOCK_CAPTURE_AUTORELEASING = YES;
				CLANG_WARN_BOOL_CONVERSION = YES;
				CLANG_WARN_COMMA = YES;
				CLANG_WARN_CONSTANT_CONVERSION = YES;
				CLANG_WARN_DEPRECATED_OBJC_IMPLEMENTATIONS = YES;
				CLANG_WARN_DIRECT_OBJC_ISA_USAGE = YES_ERROR;
				CLANG_WARN_DOCUMENTATION_COMMENTS = YES;
				CLANG_WARN_EMPTY_BODY = YES;
				CLANG_WARN_ENUM_CONVERSION = YES;
				CLANG_WARN_INFINITE_RECURSION = YES;
				CLANG_WARN_INT_CONVERSION = YES;
				CLANG_WARN_NON_LITERAL_NULL_CONVERSION = YES;
				CLANG_WARN_OBJC_IMPLICIT_RETAIN_SELF = YES;
				CLANG_WARN_OBJC_LITERAL_CONVERSION = YES;
				CLANG_WARN_OBJC_ROOT_CLASS = YES_ERROR;
				CLANG_WARN_QUOTED_INCLUDE_IN_FRAMEWORK_HEADER = YES;
				CLANG_WARN_RANGE_LOOP_ANALYSIS = YES;
				CLANG_WARN_STRICT_PROTOTYPES = YES;
				CLANG_WARN_SUSPICIOUS_MOVE = YES;
				CLANG_WARN_UNGUARDED_AVAILABILITY = YES_AGGRESSIVE;
				CLANG_WARN_UNREACHABLE_CODE = YES;
				CLANG_WARN__DUPLICATE_METHOD_MATCH = YES;
				COPY_PHASE_STRIP = NO;
				DEBUG_INFORMATION_FORMAT = "dwarf-with-dsym";
				ENABLE_NS_ASSERTIONS = NO;
				ENABLE_STRICT_OBJC_MSGSEND = YES;
				ENABLE_USER_SCRIPT_SANDBOXING = YES;
				GCC_C_LANGUAGE_STANDARD = gnu17;
				GCC_NO_COMMON_BLOCKS = YES;
				GCC_WARN_64_TO_32_BIT_CONVERSION = YES;
				GCC_WARN_ABOUT_RETURN_TYPE = YES_ERROR;
				GCC_WARN_UNDECLARED_SELECTOR = YES;
				GCC_WARN_UNINITIALIZED_AUTOS = YES_AGGRESSIVE;
				GCC_WARN_UNUSED_FUNCTION = YES;
				GCC_WARN_UNUSED_VARIABLE = YES;
				IPHONEOS_DEPLOYMENT_TARGET = 17.5;
				LOCALIZATION_PREFERS_STRING_CATALOGS = YES;
				MTL_ENABLE_DEBUG_INFO = NO;
				MTL_FAST_MATH = YES;
				SDKROOT = iphoneos;
				SWIFT_COMPILATION_MODE = wholemodule;
				VALIDATE_PRODUCT = YES;
			};
			name = Release;
		};
		0A33C5C62C0C97C00060E0FD /* Debug */ = {
			isa = XCBuildConfiguration;
			buildSettings = {
				ASSETCATALOG_COMPILER_APPICON_NAME = AppIcon;
				ASSETCATALOG_COMPILER_GLOBAL_ACCENT_COLOR_NAME = AccentColor;
				CODE_SIGN_STYLE = Automatic;
				CURRENT_PROJECT_VERSION = 1;
				DEVELOPMENT_TEAM = 2D298QL4HC;
				GENERATE_INFOPLIST_FILE = YES;
				INFOPLIST_FILE = "To-Do Manager/Info.plist";
				INFOPLIST_KEY_LSApplicationCategoryType = "public.app-category.productivity";
				INFOPLIST_KEY_UIApplicationSupportsIndirectInputEvents = YES;
				INFOPLIST_KEY_UILaunchStoryboardName = LaunchScreen;
				INFOPLIST_KEY_UIMainStoryboardFile = Main;
				INFOPLIST_KEY_UISupportedInterfaceOrientations_iPad = "UIInterfaceOrientationPortrait UIInterfaceOrientationPortraitUpsideDown UIInterfaceOrientationLandscapeLeft UIInterfaceOrientationLandscapeRight";
				INFOPLIST_KEY_UISupportedInterfaceOrientations_iPhone = "UIInterfaceOrientationPortrait UIInterfaceOrientationLandscapeLeft UIInterfaceOrientationLandscapeRight";
				IPHONEOS_DEPLOYMENT_TARGET = 15.0;
				LD_RUNPATH_SEARCH_PATHS = (
					"$(inherited)",
					"@executable_path/Frameworks",
				);
				MARKETING_VERSION = 1.0;
				PRODUCT_BUNDLE_IDENTIFIER = "gmail-zablotski.To-Do-Manager";
				PRODUCT_NAME = "$(TARGET_NAME)";
				SUPPORTED_PLATFORMS = "iphoneos iphonesimulator";
				SUPPORTS_MACCATALYST = NO;
				SUPPORTS_XR_DESIGNED_FOR_IPHONE_IPAD = NO;
				SWIFT_EMIT_LOC_STRINGS = YES;
				SWIFT_VERSION = 5.0;
				TARGETED_DEVICE_FAMILY = "1,2";
			};
			name = Debug;
		};
		0A33C5C72C0C97C00060E0FD /* Release */ = {
			isa = XCBuildConfiguration;
			buildSettings = {
				ASSETCATALOG_COMPILER_APPICON_NAME = AppIcon;
				ASSETCATALOG_COMPILER_GLOBAL_ACCENT_COLOR_NAME = AccentColor;
				CODE_SIGN_STYLE = Automatic;
				CURRENT_PROJECT_VERSION = 1;
				DEVELOPMENT_TEAM = 2D298QL4HC;
				GENERATE_INFOPLIST_FILE = YES;
				INFOPLIST_FILE = "To-Do Manager/Info.plist";
				INFOPLIST_KEY_LSApplicationCategoryType = "public.app-category.productivity";
				INFOPLIST_KEY_UIApplicationSupportsIndirectInputEvents = YES;
				INFOPLIST_KEY_UILaunchStoryboardName = LaunchScreen;
				INFOPLIST_KEY_UIMainStoryboardFile = Main;
				INFOPLIST_KEY_UISupportedInterfaceOrientations_iPad = "UIInterfaceOrientationPortrait UIInterfaceOrientationPortraitUpsideDown UIInterfaceOrientationLandscapeLeft UIInterfaceOrientationLandscapeRight";
				INFOPLIST_KEY_UISupportedInterfaceOrientations_iPhone = "UIInterfaceOrientationPortrait UIInterfaceOrientationLandscapeLeft UIInterfaceOrientationLandscapeRight";
				IPHONEOS_DEPLOYMENT_TARGET = 15.0;
				LD_RUNPATH_SEARCH_PATHS = (
					"$(inherited)",
					"@executable_path/Frameworks",
				);
				MARKETING_VERSION = 1.0;
				PRODUCT_BUNDLE_IDENTIFIER = "gmail-zablotski.To-Do-Manager";
				PRODUCT_NAME = "$(TARGET_NAME)";
				SUPPORTED_PLATFORMS = "iphoneos iphonesimulator";
				SUPPORTS_MACCATALYST = NO;
				SUPPORTS_XR_DESIGNED_FOR_IPHONE_IPAD = NO;
				SWIFT_EMIT_LOC_STRINGS = YES;
				SWIFT_VERSION = 5.0;
				TARGETED_DEVICE_FAMILY = "1,2";
			};
			name = Release;
		};
/* End XCBuildConfiguration section */

/* Begin XCConfigurationList section */
		0A33C5AC2C0C97BE0060E0FD /* Build configuration list for PBXProject "To-Do Manager" */ = {
			isa = XCConfigurationList;
			buildConfigurations = (
				0A33C5C32C0C97C00060E0FD /* Debug */,
				0A33C5C42C0C97C00060E0FD /* Release */,
			);
			defaultConfigurationIsVisible = 0;
			defaultConfigurationName = Release;
		};
		0A33C5C52C0C97C00060E0FD /* Build configuration list for PBXNativeTarget "To-Do Manager" */ = {
			isa = XCConfigurationList;
			buildConfigurations = (
				0A33C5C62C0C97C00060E0FD /* Debug */,
				0A33C5C72C0C97C00060E0FD /* Release */,
			);
			defaultConfigurationIsVisible = 0;
			defaultConfigurationName = Release;
		};
/* End XCConfigurationList section */
	};
	rootObject = 0A33C5A92C0C97BE0060E0FD /* Project object */;
}
